{
  "version": 4,
  "terraform_version": "0.12.16",
  "serial": 5,
  "lineage": "ad22ca26-f418-d75f-339d-bd201b72b483",
  "outputs": {},
  "resources": [
    {
      "mode": "managed",
      "type": "google_compute_instance",
      "name": "cos-instance",
      "provider": "provider.google",
      "instances": [
        {
          "schema_version": 6,
          "attributes": {
            "allow_stopping_for_update": null,
            "attached_disk": [],
            "boot_disk": [
              {
                "auto_delete": true,
                "device_name": "persistent-disk-0",
                "disk_encryption_key_raw": "",
                "disk_encryption_key_sha256": "",
                "initialize_params": [
                  {
                    "image": "https://www.googleapis.com/compute/v1/projects/cos-cloud/global/images/cos-73-11647-217-0",
                    "labels": {},
                    "size": 10,
                    "type": "pd-standard"
                  }
                ],
                "kms_key_self_link": "",
                "mode": "READ_WRITE",
                "source": "https://www.googleapis.com/compute/v1/projects/cowo-devops-course-1/zones/us-west2-a/disks/cos-test"
              }
            ],
            "can_ip_forward": false,
            "cpu_platform": "Intel Skylake",
            "current_status": "RUNNING",
            "deletion_protection": false,
            "description": "",
            "desired_status": null,
            "enable_display": false,
            "guest_accelerator": [],
            "hostname": "",
            "id": "projects/cowo-devops-course-1/zones/us-west2-a/instances/cos-test",
            "instance_id": "6326276315649817011",
            "label_fingerprint": "42WmSpB8rSM=",
            "labels": null,
            "machine_type": "f1-micro",
            "metadata": null,
            "metadata_fingerprint": "GrauSmH_nko=",
            "metadata_startup_script": "",
            "min_cpu_platform": "",
            "name": "cos-test",
            "network_interface": [
              {
                "access_config": [
                  {
                    "nat_ip": "35.235.90.122",
                    "network_tier": "PREMIUM",
                    "public_ptr_domain_name": ""
                  }
                ],
                "alias_ip_range": [],
                "name": "nic0",
                "network": "https://www.googleapis.com/compute/v1/projects/cowo-devops-course-1/global/networks/default",
                "network_ip": "10.168.0.4",
                "subnetwork": "https://www.googleapis.com/compute/v1/projects/cowo-devops-course-1/regions/us-west2/subnetworks/default",
                "subnetwork_project": "cowo-devops-course-1"
              }
            ],
            "project": "cowo-devops-course-1",
            "resource_policies": null,
            "scheduling": [
              {
                "automatic_restart": true,
                "node_affinities": [],
                "on_host_maintenance": "MIGRATE",
                "preemptible": false
              }
            ],
            "scratch_disk": [],
            "self_link": "https://www.googleapis.com/compute/v1/projects/cowo-devops-course-1/zones/us-west2-a/instances/cos-test",
            "service_account": [],
            "shielded_instance_config": [],
            "tags": [
              "http-traffic",
              "ssh-traffic"
            ],
            "tags_fingerprint": "X0yg1sIRsSo=",
            "timeouts": null,
            "zone": "us-west2-a"
          },
          "private": "eyJlMmJmYjczMC1lY2FhLTExZTYtOGY4OC0zNDM2M2JjN2M0YzAiOnsiY3JlYXRlIjoxMjAwMDAwMDAwMDAwLCJkZWxldGUiOjEyMDAwMDAwMDAwMDAsInVwZGF0ZSI6MTIwMDAwMDAwMDAwMH0sInNjaGVtYV92ZXJzaW9uIjoiNiJ9"
        }
      ]
    }
  ]
}
